
Microsoft Visual Studio Solution File, Format Version 12.00
# Visual Studio Version 17
VisualStudioVersion = 17.8.34330.188
MinimumVisualStudioVersion = 10.0.40219.1
Project("{9A19103F-16F7-4668-BE54-9A1E7A4F7556}") = "Entities", "Entities\Entities.csproj", "{F62D0B59-8616-4144-AE1B-EE4130738876}"
EndProject
Project("{9A19103F-16F7-4668-BE54-9A1E7A4F7556}") = "DataAccess", "DataAccess\DataAccess.csproj", "{9896B557-B937-428C-BF64-0A94F403ED68}"
EndProject
Project("{9A19103F-16F7-4668-BE54-9A1E7A4F7556}") = "Business", "Business\Business.csproj", "{D0DE48E1-B7C7-413E-A468-E6FA31689578}"
EndProject
Project("{9A19103F-16F7-4668-BE54-9A1E7A4F7556}") = "Core", "Core\Core.csproj", "{6A3F95EE-1A1A-4A89-94D3-3F00F63ED906}"
EndProject
Project("{9A19103F-16F7-4668-BE54-9A1E7A4F7556}") = "WebAPI", "WebAPI\WebAPI.csproj", "{37DA3E06-43D9-471F-9478-79E426DA59E0}"
EndProject
Global
	GlobalSection(SolutionConfigurationPlatforms) = preSolution
		Debug|Any CPU = Debug|Any CPU
		Release|Any CPU = Release|Any CPU
	EndGlobalSection
	GlobalSection(ProjectConfigurationPlatforms) = postSolution
		{F62D0B59-8616-4144-AE1B-EE4130738876}.Debug|Any CPU.ActiveCfg = Debug|Any CPU
		{F62D0B59-8616-4144-AE1B-EE4130738876}.Debug|Any CPU.Build.0 = Debug|Any CPU
		{F62D0B59-8616-4144-AE1B-EE4130738876}.Release|Any CPU.ActiveCfg = Release|Any CPU
		{F62D0B59-8616-4144-AE1B-EE4130738876}.Release|Any CPU.Build.0 = Release|Any CPU
		{9896B557-B937-428C-BF64-0A94F403ED68}.Debug|Any CPU.ActiveCfg = Debug|Any CPU
		{9896B557-B937-428C-BF64-0A94F403ED68}.Debug|Any CPU.Build.0 = Debug|Any CPU
		{9896B557-B937-428C-BF64-0A94F403ED68}.Release|Any CPU.ActiveCfg = Release|Any CPU
		{9896B557-B937-428C-BF64-0A94F403ED68}.Release|Any CPU.Build.0 = Release|Any CPU
		{D0DE48E1-B7C7-413E-A468-E6FA31689578}.Debug|Any CPU.ActiveCfg = Debug|Any CPU
		{D0DE48E1-B7C7-413E-A468-E6FA31689578}.Debug|Any CPU.Build.0 = Debug|Any CPU
		{D0DE48E1-B7C7-413E-A468-E6FA31689578}.Release|Any CPU.ActiveCfg = Release|Any CPU
		{D0DE48E1-B7C7-413E-A468-E6FA31689578}.Release|Any CPU.Build.0 = Release|Any CPU
		{6A3F95EE-1A1A-4A89-94D3-3F00F63ED906}.Debug|Any CPU.ActiveCfg = Debug|Any CPU
		{6A3F95EE-1A1A-4A89-94D3-3F00F63ED906}.Debug|Any CPU.Build.0 = Debug|Any CPU
		{6A3F95EE-1A1A-4A89-94D3-3F00F63ED906}.Release|Any CPU.ActiveCfg = Release|Any CPU
		{6A3F95EE-1A1A-4A89-94D3-3F00F63ED906}.Release|Any CPU.Build.0 = Release|Any CPU
		{37DA3E06-43D9-471F-9478-79E426DA59E0}.Debug|Any CPU.ActiveCfg = Debug|Any CPU
		{37DA3E06-43D9-471F-9478-79E426DA59E0}.Debug|Any CPU.Build.0 = Debug|Any CPU
		{37DA3E06-43D9-471F-9478-79E426DA59E0}.Release|Any CPU.ActiveCfg = Release|Any CPU
		{37DA3E06-43D9-471F-9478-79E426DA59E0}.Release|Any CPU.Build.0 = Release|Any CPU
	EndGlobalSection
	GlobalSection(SolutionProperties) = preSolution
		HideSolutionNode = FALSE
	EndGlobalSection
	GlobalSection(ExtensibilityGlobals) = postSolution
		SolutionGuid = {027CA25F-766E-497D-A89F-BF3AA7284640}
	EndGlobalSection
EndGlobal
